// !$*UTF8*$!
{
	archiveVersion = 1;
	classes = {
	};
	objectVersion = 50;
	objects = {

/* Begin PBXBuildFile section */
		2950835A22A2943700B7F084 /* AppDelegate.swift in Sources */ = {isa = PBXBuildFile; fileRef = 2950835922A2943700B7F084 /* AppDelegate.swift */; };
		2950835C22A2943700B7F084 /* ViewController.swift in Sources */ = {isa = PBXBuildFile; fileRef = 2950835B22A2943700B7F084 /* ViewController.swift */; };
		2950835F22A2943700B7F084 /* Main.storyboard in Resources */ = {isa = PBXBuildFile; fileRef = 2950835D22A2943700B7F084 /* Main.storyboard */; };
		2950836122A2943700B7F084 /* Assets.xcassets in Resources */ = {isa = PBXBuildFile; fileRef = 2950836022A2943700B7F084 /* Assets.xcassets */; };
		2950836422A2943700B7F084 /* LaunchScreen.storyboard in Resources */ = {isa = PBXBuildFile; fileRef = 2950836222A2943700B7F084 /* LaunchScreen.storyboard */; };
		2950836C22A2970A00B7F084 /* Coordinator.swift in Sources */ = {isa = PBXBuildFile; fileRef = 2950836B22A2970A00B7F084 /* Coordinator.swift */; };
		2950836E22A2982800B7F084 /* Storyboarded.swift in Sources */ = {isa = PBXBuildFile; fileRef = 2950836D22A2982800B7F084 /* Storyboarded.swift */; };
		2950837022A299CC00B7F084 /* MainCoordinator.swift in Sources */ = {isa = PBXBuildFile; fileRef = 2950836F22A299CC00B7F084 /* MainCoordinator.swift */; };
/* End PBXBuildFile section */

/* Begin PBXFileReference section */
		2950835622A2943700B7F084 /* Co ord in ator.app */ = {isa = PBXFileReference; explicitFileType = wrapper.application; includeInIndex = 0; path = "Co ord in ator.app"; sourceTree = BUILT_PRODUCTS_DIR; };
		2950835922A2943700B7F084 /* AppDelegate.swift */ = {isa = PBXFileReference; lastKnownFileType = sourcecode.swift; path = AppDelegate.swift; sourceTree = "<group>"; };
		2950835B22A2943700B7F084 /* ViewController.swift */ = {isa = PBXFileReference; lastKnownFileType = sourcecode.swift; path = ViewController.swift; sourceTree = "<group>"; };
		2950835E22A2943700B7F084 /* Base */ = {isa = PBXFileReference; lastKnownFileType = file.storyboard; name = Base; path = Base.lproj/Main.storyboard; sourceTree = "<group>"; };
		2950836022A2943700B7F084 /* Assets.xcassets */ = {isa = PBXFileReference; lastKnownFileType = folder.assetcatalog; path = Assets.xcassets; sourceTree = "<group>"; };
		2950836322A2943700B7F084 /* Base */ = {isa = PBXFileReference; lastKnownFileType = file.storyboard; name = Base; path = Base.lproj/LaunchScreen.storyboard; sourceTree = "<group>"; };
		2950836522A2943700B7F084 /* Info.plist */ = {isa = PBXFileReference; lastKnownFileType = text.plist.xml; path = Info.plist; sourceTree = "<group>"; };
		2950836B22A2970A00B7F084 /* Coordinator.swift */ = {isa = PBXFileReference; lastKnownFileType = sourcecode.swift; path = Coordinator.swift; sourceTree = "<group>"; };
		2950836D22A2982800B7F084 /* Storyboarded.swift */ = {isa = PBXFileReference; lastKnownFileType = sourcecode.swift; path = Storyboarded.swift; sourceTree = "<group>"; };
		2950836F22A299CC00B7F084 /* MainCoordinator.swift */ = {isa = PBXFileReference; lastKnownFileType = sourcecode.swift; path = MainCoordinator.swift; sourceTree = "<group>"; };
/* End PBXFileReference section */

/* Begin PBXFrameworksBuildPhase section */
		2950835322A2943700B7F084 /* Frameworks */ = {
			isa = PBXFrameworksBuildPhase;
			buildActionMask = 2147483647;
			files = (
			);
			runOnlyForDeploymentPostprocessing = 0;
		};
/* End PBXFrameworksBuildPhase section */

/* Begin PBXGroup section */
		2950834D22A2943700B7F084 = {
			isa = PBXGroup;
			children = (
				2950835822A2943700B7F084 /* Co ord in ator */,
				2950835722A2943700B7F084 /* Products */,
			);
			sourceTree = "<group>";
		};
		2950835722A2943700B7F084 /* Products */ = {
			isa = PBXGroup;
			children = (
				2950835622A2943700B7F084 /* Co ord in ator.app */,
			);
			name = Products;
			sourceTree = "<group>";
		};
		2950835822A2943700B7F084 /* Co ord in ator */ = {
			isa = PBXGroup;
			children = (
				2950835922A2943700B7F084 /* AppDelegate.swift */,
				2950835B22A2943700B7F084 /* ViewController.swift */,
				2950835D22A2943700B7F084 /* Main.storyboard */,
				2950836F22A299CC00B7F084 /* MainCoordinator.swift */,
				2950836022A2943700B7F084 /* Assets.xcassets */,
				2950836222A2943700B7F084 /* LaunchScreen.storyboard */,
				2950836522A2943700B7F084 /* Info.plist */,
				2950836B22A2970A00B7F084 /* Coordinator.swift */,
				2950836D22A2982800B7F084 /* Storyboarded.swift */,
			);
			path = "Co ord in ator";
			sourceTree = "<group>";
		};
/* End PBXGroup section */

/* Begin PBXNativeTarget section */
		2950835522A2943700B7F084 /* Co ord in ator */ = {
			isa = PBXNativeTarget;
			buildConfigurationList = 2950836822A2943700B7F084 /* Build configuration list for PBXNativeTarget "Co ord in ator" */;
			buildPhases = (
				2950835222A2943700B7F084 /* Sources */,
				2950835322A2943700B7F084 /* Frameworks */,
				2950835422A2943700B7F084 /* Resources */,
			);
			buildRules = (
			);
			dependencies = (
			);
			name = "Co ord in ator";
			productName = "Co ord in ator";
			productReference = 2950835622A2943700B7F084 /* Co ord in ator.app */;
			productType = "com.apple.product-type.application";
		};
/* End PBXNativeTarget section */

/* Begin PBXProject section */
		2950834E22A2943700B7F084 /* Project object */ = {
			isa = PBXProject;
			attributes = {
				LastSwiftUpdateCheck = 1020;
				LastUpgradeCheck = 1020;
				ORGANIZATIONNAME = "Wissa Azmy";
				TargetAttributes = {
					2950835522A2943700B7F084 = {
						CreatedOnToolsVersion = 10.2.1;
					};
				};
			};
			buildConfigurationList = 2950835122A2943700B7F084 /* Build configuration list for PBXProject "Co ord in ator" */;
			compatibilityVersion = "Xcode 9.3";
			developmentRegion = en;
			hasScannedForEncodings = 0;
			knownRegions = (
				en,
				Base,
			);
			mainGroup = 2950834D22A2943700B7F084;
			productRefGroup = 2950835722A2943700B7F084 /* Products */;
			projectDirPath = "";
			projectRoot = "";
			targets = (
				2950835522A2943700B7F084 /* Co ord in ator */,
			);
		};
/* End PBXProject section */

/* Begin PBXResourcesBuildPhase section */
		2950835422A2943700B7F084 /* Resources */ = {
			isa = PBXResourcesBuildPhase;
			buildActionMask = 2147483647;
			files = (
				2950836422A2943700B7F084 /* LaunchScreen.storyboard in Resources */,
				2950836122A2943700B7F084 /* Assets.xcassets in Resources */,
				2950835F22A2943700B7F084 /* Main.storyboard in Resources */,
			);
			runOnlyForDeploymentPostprocessing = 0;
		};
/* End PBXResourcesBuildPhase section */

/* Begin PBXSourcesBuildPhase section */
		2950835222A2943700B7F084 /* Sources */ = {
			isa = PBXSourcesBuildPhase;
			buildActionMask = 2147483647;
			files = (
				2950835C22A2943700B7F084 /* ViewController.swift in Sources */,
				2950835A22A2943700B7F084 /* AppDelegate.swift in Sources */,
				2950836C22A2970A00B7F084 /* Coordinator.swift in Sources */,
				2950837022A299CC00B7F084 /* MainCoordinator.swift in Sources */,
				2950836E22A2982800B7F084 /* Storyboarded.swift in Sources */,
			);
			runOnlyForDeploymentPostprocessing = 0;
		};
/* End PBXSourcesBuildPhase section */

/* Begin PBXVariantGroup section */
		2950835D22A2943700B7F084 /* Main.storyboard */ = {
			isa = PBXVariantGroup;
			children = (
				2950835E22A2943700B7F084 /* Base */,
			);
			name = Main.storyboard;
			sourceTree = "<group>";
		};
		2950836222A2943700B7F084 /* LaunchScreen.storyboard */ = {
			isa = PBXVariantGroup;
			children = (
				2950836322A2943700B7F084 /* Base */,
			);
			name = LaunchScreen.storyboard;
			sourceTree = "<group>";
		};
/* End PBXVariantGroup section */

/* Begin XCBuildConfiguration section */
		2950836622A2943700B7F084 /* Debug */ = {
			isa = XCBuildConfiguration;
			buildSettings = {
				ALWAYS_SEARCH_USER_PATHS = NO;
				CLANG_ANALYZER_NONNULL = YES;
				CLANG_ANALYZER_NUMBER_OBJECT_CONVERSION = YES_AGGRESSIVE;
				CLANG_CXX_LANGUAGE_STANDARD = "gnu++14";
				CLANG_CXX_LIBRARY = "libc++";
				CLANG_ENABLE_MODULES = YES;
				CLANG_ENABLE_OBJC_ARC = YES;
				CLANG_ENABLE_OBJC_WEAK = YES;
				CLANG_WARN_BLOCK_CAPTURE_AUTORELEASING = YES;
				CLANG_WARN_BOOL_CONVERSION = YES;
				CLANG_WARN_COMMA = YES;
				CLANG_WARN_CONSTANT_CONVERSION = YES;
				CLANG_WARN_DEPRECATED_OBJC_IMPLEMENTATIONS = YES;
				CLANG_WARN_DIRECT_OBJC_ISA_USAGE = YES_ERROR;
				CLANG_WARN_DOCUMENTATION_COMMENTS = YES;
				CLANG_WARN_EMPTY_BODY = YES;
				CLANG_WARN_ENUM_CONVERSION = YES;
				CLANG_WARN_INFINITE_RECURSION = YES;
				CLANG_WARN_INT_CONVERSION = YES;
				CLANG_WARN_NON_LITERAL_NULL_CONVERSION = YES;
				CLANG_WARN_OBJC_IMPLICIT_RETAIN_SELF = YES;
				CLANG_WARN_OBJC_LITERAL_CONVERSION = YES;
				CLANG_WARN_OBJC_ROOT_CLASS = YES_ERROR;
				CLANG_WARN_RANGE_LOOP_ANALYSIS = YES;
				CLANG_WARN_STRICT_PROTOTYPES = YES;
				CLANG_WARN_SUSPICIOUS_MOVE = YES;
				CLANG_WARN_UNGUARDED_AVAILABILITY = YES_AGGRESSIVE;
				CLANG_WARN_UNREACHABLE_CODE = YES;
				CLANG_WARN__DUPLICATE_METHOD_MATCH = YES;
				CODE_SIGN_IDENTITY = "iPhone Developer";
				COPY_PHASE_STRIP = NO;
				DEBUG_INFORMATION_FORMAT = dwarf;
				ENABLE_STRICT_OBJC_MSGSEND = YES;
				ENABLE_TESTABILITY = YES;
				GCC_C_LANGUAGE_STANDARD = gnu11;
				GCC_DYNAMIC_NO_PIC = NO;
				GCC_NO_COMMON_BLOCKS = YES;
				GCC_OPTIMIZATION_LEVEL = 0;
				GCC_PREPROCESSOR_DEFINITIONS = (
					"DEBUG=1",
					"$(inherited)",
				);
				GCC_WARN_64_TO_32_BIT_CONVERSION = YES;
				GCC_WARN_ABOUT_RETURN_TYPE = YES_ERROR;
				GCC_WARN_UNDECLARED_SELECTOR = YES;
				GCC_WARN_UNINITIALIZED_AUTOS = YES_AGGRESSIVE;
				GCC_WARN_UNUSED_FUNCTION = YES;
				GCC_WARN_UNUSED_VARIABLE = YES;
				IPHONEOS_DEPLOYMENT_TARGET = 12.2;
				MTL_ENABLE_DEBUG_INFO = INCLUDE_SOURCE;
				MTL_FAST_MATH = YES;
				ONLY_ACTIVE_ARCH = YES;
				SDKROOT = iphoneos;
				SWIFT_ACTIVE_COMPILATION_CONDITIONS = DEBUG;
				SWIFT_OPTIMIZATION_LEVEL = "-Onone";
			};
			name = Debug;
		};
		2950836722A2943700B7F084 /* Release */ = {
			isa = XCBuildConfiguration;
			buildSettings = {
				ALWAYS_SEARCH_USER_PATHS = NO;
				CLANG_ANALYZER_NONNULL = YES;
				CLANG_ANALYZER_NUMBER_OBJECT_CONVERSION = YES_AGGRESSIVE;
				CLANG_CXX_LANGUAGE_STANDARD = "gnu++14";
				CLANG_CXX_LIBRARY = "libc++";
				CLANG_ENABLE_MODULES = YES;
				CLANG_ENABLE_OBJC_ARC = YES;
				CLANG_ENABLE_OBJC_WEAK = YES;
				CLANG_WARN_BLOCK_CAPTURE_AUTORELEASING = YES;
				CLANG_WARN_BOOL_CONVERSION = YES;
				CLANG_WARN_COMMA = YES;
				CLANG_WARN_CONSTANT_CONVERSION = YES;
				CLANG_WARN_DEPRECATED_OBJC_IMPLEMENTATIONS = YES;
				CLANG_WARN_DIRECT_OBJC_ISA_USAGE = YES_ERROR;
				CLANG_WARN_DOCUMENTATION_COMMENTS = YES;
				CLANG_WARN_EMPTY_BODY = YES;
				CLANG_WARN_ENUM_CONVERSION = YES;
				CLANG_WARN_INFINITE_RECURSION = YES;
				CLANG_WARN_INT_CONVERSION = YES;
				CLANG_WARN_NON_LITERAL_NULL_CONVERSION = YES;
				CLANG_WARN_OBJC_IMPLICIT_RETAIN_SELF = YES;
				CLANG_WARN_OBJC_LITERAL_CONVERSION = YES;
				CLANG_WARN_OBJC_ROOT_CLASS = YES_ERROR;
				CLANG_WARN_RANGE_LOOP_ANALYSIS = YES;
				CLANG_WARN_STRICT_PROTOTYPES = YES;
				CLANG_WARN_SUSPICIOUS_MOVE = YES;
				CLANG_WARN_UNGUARDED_AVAILABILITY = YES_AGGRESSIVE;
				CLANG_WARN_UNREACHABLE_CODE = YES;
				CLANG_WARN__DUPLICATE_METHOD_MATCH = YES;
				CODE_SIGN_IDENTITY = "iPhone Developer";
				COPY_PHASE_STRIP = NO;
				DEBUG_INFORMATION_FORMAT = "dwarf-with-dsym";
				ENABLE_NS_ASSERTIONS = NO;
				ENABLE_STRICT_OBJC_MSGSEND = YES;
				GCC_C_LANGUAGE_STANDARD = gnu11;
				GCC_NO_COMMON_BLOCKS = YES;
				GCC_WARN_64_TO_32_BIT_CONVERSION = YES;
				GCC_WARN_ABOUT_RETURN_TYPE = YES_ERROR;
				GCC_WARN_UNDECLARED_SELECTOR = YES;
				GCC_WARN_UNINITIALIZED_AUTOS = YES_AGGRESSIVE;
				GCC_WARN_UNUSED_FUNCTION = YES;
				GCC_WARN_UNUSED_VARIABLE = YES;
				IPHONEOS_DEPLOYMENT_TARGET = 12.2;
				MTL_ENABLE_DEBUG_INFO = NO;
				MTL_FAST_MATH = YES;
				SDKROOT = iphoneos;
				SWIFT_COMPILATION_MODE = wholemodule;
				SWIFT_OPTIMIZATION_LEVEL = "-O";
				VALIDATE_PRODUCT = YES;
			};
			name = Release;
		};
		2950836922A2943700B7F084 /* Debug */ = {
			isa = XCBuildConfiguration;
			buildSettings = {
				ASSETCATALOG_COMPILER_APPICON_NAME = AppIcon;
				CODE_SIGN_STYLE = Automatic;
				DEVELOPMENT_TEAM = 7Q6U3JR8A8;
				INFOPLIST_FILE = "Co ord in ator/Info.plist";
				LD_RUNPATH_SEARCH_PATHS = (
					"$(inherited)",
					"@executable_path/Frameworks",
				);
				PRODUCT_BUNDLE_IDENTIFIER = "com.wissa.Co-ord-in-ator";
				PRODUCT_NAME = "$(TARGET_NAME)";
				SWIFT_VERSION = 5.0;
				TARGETED_DEVICE_FAMILY = "1,2";
			};
			name = Debug;
		};
		2950836A22A2943700B7F084 /* Release */ = {
			isa = XCBuildConfiguration;
			buildSettings = {
				ASSETCATALOG_COMPILER_APPICON_NAME = AppIcon;
				CODE_SIGN_STYLE = Automatic;
				DEVELOPMENT_TEAM = 7Q6U3JR8A8;
				INFOPLIST_FILE = "Co ord in ator/Info.plist";
				LD_RUNPATH_SEARCH_PATHS = (
					"$(inherited)",
					"@executable_path/Frameworks",
				);
				PRODUCT_BUNDLE_IDENTIFIER = "com.wissa.Co-ord-in-ator";
				PRODUCT_NAME = "$(TARGET_NAME)";
				SWIFT_VERSION = 5.0;
				TARGETED_DEVICE_FAMILY = "1,2";
			};
			name = Release;
		};
/* End XCBuildConfiguration section */

/* Begin XCConfigurationList section */
		2950835122A2943700B7F084 /* Build configuration list for PBXProject "Co ord in ator" */ = {
			isa = XCConfigurationList;
			buildConfigurations = (
				2950836622A2943700B7F084 /* Debug */,
				2950836722A2943700B7F084 /* Release */,
			);
			defaultConfigurationIsVisible = 0;
			defaultConfigurationName = Release;
		};
		2950836822A2943700B7F084 /* Build configuration list for PBXNativeTarget "Co ord in ator" */ = {
			isa = XCConfigurationList;
			buildConfigurations = (
				2950836922A2943700B7F084 /* Debug */,
				2950836A22A2943700B7F084 /* Release */,
			);
			defaultConfigurationIsVisible = 0;
			defaultConfigurationName = Release;
		};
/* End XCConfigurationList section */
	};
	rootObject = 2950834E22A2943700B7F084 /* Project object */;
}
